
Microsoft Visual Studio Solution File, Format Version 12.00
# Visual Studio Version 17
VisualStudioVersion = 17.5.33530.505
MinimumVisualStudioVersion = 10.0.40219.1
Project("{FAE04EC0-301F-11D3-BF4B-00C04F79EFBC}") = "ExcelHelper", "ExcelHelper\ExcelHelper.csproj", "{4FC74DD5-A3F0-41BE-ADCD-11348ADB8179}"
EndProject
Global
	GlobalSection(SolutionConfigurationPlatforms) = preSolution
		Debug|Any CPU = Debug|Any CPU
		Release|Any CPU = Release|Any CPU
	EndGlobalSection
	GlobalSection(ProjectConfigurationPlatforms) = postSolution
		{4FC74DD5-A3F0-41BE-ADCD-11348ADB8179}.Debug|Any CPU.ActiveCfg = Debug|Any CPU
		{4FC74DD5-A3F0-41BE-ADCD-11348ADB8179}.Debug|Any CPU.Build.0 = Debug|Any CPU
		{4FC74DD5-A3F0-41BE-ADCD-11348ADB8179}.Release|Any CPU.ActiveCfg = Release|Any CPU
		{4FC74DD5-A3F0-41BE-ADCD-11348ADB8179}.Release|Any CPU.Build.0 = Release|Any CPU
	EndGlobalSection
	GlobalSection(SolutionProperties) = preSolution
		HideSolutionNode = FALSE
	EndGlobalSection
	GlobalSection(ExtensibilityGlobals) = postSolution
		SolutionGuid = {80224CDC-C1BB-4E24-8BE7-069C8659D3C5}
	EndGlobalSection
EndGlobal
